<?xml version="1.0" encoding="UTF-8"?>
<!DOCTYPE plist PUBLIC "-//Apple//DTD PLIST 1.0//EN" "http://www.apple.com/DTDs/PropertyList-1.0.dtd">
<plist version="1.0">
<dict>
	<key>archiveVersion</key>
	<string>1</string>
	<key>classes</key>
	<dict/>
	<key>objectVersion</key>
	<string>46</string>
	<key>objects</key>
	<dict>
		<key>13B648C088D7485783343464</key>
		<dict>
			<key>explicitFileType</key>
			<string>archive.ar</string>
			<key>includeInIndex</key>
			<string>0</string>
			<key>isa</key>
			<string>PBXFileReference</string>
			<key>path</key>
			<string>libPods-ClassyTestsLoader.a</string>
			<key>sourceTree</key>
			<string>BUILT_PRODUCTS_DIR</string>
		</dict>
		<key>364CF1452999714F513620B5</key>
		<dict>
			<key>includeInIndex</key>
			<string>1</string>
			<key>isa</key>
			<string>PBXFileReference</string>
			<key>lastKnownFileType</key>
			<string>text.xcconfig</string>
			<key>name</key>
			<string>Pods-ClassyTestsLoader.debug.xcconfig</string>
			<key>path</key>
			<string>../Pods/Target Support Files/Pods-ClassyTestsLoader/Pods-ClassyTestsLoader.debug.xcconfig</string>
			<key>sourceTree</key>
			<string>&lt;group&gt;</string>
		</dict>
		<key>3A507E084934CF23E8D61D46</key>
		<dict>
			<key>children</key>
			<array>
				<string>5550D16AEBCD01918D28E891</string>
				<string>F1E932BEE390022666720493</string>
				<string>364CF1452999714F513620B5</string>
				<string>A9A564DBE8DE1C40D493E3B6</string>
			</array>
			<key>isa</key>
			<string>PBXGroup</string>
			<key>name</key>
			<string>Pods</string>
			<key>sourceTree</key>
			<string>&lt;group&gt;</string>
		</dict>
		<key>4CC291A52E864ADB9C46B39D</key>
		<dict>
			<key>buildActionMask</key>
			<string>2147483647</string>
			<key>files</key>
			<array/>
			<key>inputPaths</key>
			<array/>
			<key>isa</key>
			<string>PBXShellScriptBuildPhase</string>
			<key>name</key>
			<string>Copy Pods Resources</string>
			<key>outputPaths</key>
			<array/>
			<key>runOnlyForDeploymentPostprocessing</key>
			<string>0</string>
			<key>shellPath</key>
			<string>/bin/sh</string>
			<key>shellScript</key>
			<string>"${SRCROOT}/../Pods/Target Support Files/Pods-ClassyTestsLoader/Pods-ClassyTestsLoader-resources.sh"
</string>
			<key>showEnvVarsInLog</key>
			<string>0</string>
		</dict>
		<key>5550D16AEBCD01918D28E891</key>
		<dict>
			<key>includeInIndex</key>
			<string>1</string>
			<key>isa</key>
			<string>PBXFileReference</string>
			<key>lastKnownFileType</key>
			<string>text.xcconfig</string>
			<key>name</key>
			<string>Pods-ClassyTests.debug.xcconfig</string>
			<key>path</key>
			<string>../Pods/Target Support Files/Pods-ClassyTests/Pods-ClassyTests.debug.xcconfig</string>
			<key>sourceTree</key>
			<string>&lt;group&gt;</string>
		</dict>
		<key>85CB2FDD53654D26A4128DD4</key>
		<dict>
			<key>buildActionMask</key>
			<string>2147483647</string>
			<key>files</key>
			<array/>
			<key>inputPaths</key>
			<array/>
			<key>isa</key>
			<string>PBXShellScriptBuildPhase</string>
			<key>name</key>
			<string>Check Pods Manifest.lock</string>
			<key>outputPaths</key>
			<array/>
			<key>runOnlyForDeploymentPostprocessing</key>
			<string>0</string>
			<key>shellPath</key>
			<string>/bin/sh</string>
			<key>shellScript</key>
			<string>diff "${PODS_ROOT}/../Podfile.lock" "${PODS_ROOT}/Manifest.lock" &gt; /dev/null
if [[ $? != 0 ]] ; then
    cat &lt;&lt; EOM
error: The sandbox is not in sync with the Podfile.lock. Run 'pod install' or update your CocoaPods installation.
EOM
    exit 1
fi
</string>
			<key>showEnvVarsInLog</key>
			<string>0</string>
		</dict>
		<key>978F0B8381844F0694B65CD6</key>
		<dict>
			<key>buildActionMask</key>
			<string>2147483647</string>
			<key>files</key>
			<array/>
			<key>inputPaths</key>
			<array/>
			<key>isa</key>
			<string>PBXShellScriptBuildPhase</string>
			<key>name</key>
			<string>Check Pods Manifest.lock</string>
			<key>outputPaths</key>
			<array/>
			<key>runOnlyForDeploymentPostprocessing</key>
			<string>0</string>
			<key>shellPath</key>
			<string>/bin/sh</string>
			<key>shellScript</key>
			<string>diff "${PODS_ROOT}/../Podfile.lock" "${PODS_ROOT}/Manifest.lock" &gt; /dev/null
if [[ $? != 0 ]] ; then
    cat &lt;&lt; EOM
error: The sandbox is not in sync with the Podfile.lock. Run 'pod install' or update your CocoaPods installation.
EOM
    exit 1
fi
</string>
			<key>showEnvVarsInLog</key>
			<string>0</string>
		</dict>
		<key>9980D2916D344434ACF1CB78</key>
		<dict>
			<key>fileRef</key>
			<string>C594C855E67D4ABAAB9D8034</string>
			<key>isa</key>
			<string>PBXBuildFile</string>
		</dict>
		<key>A9A564DBE8DE1C40D493E3B6</key>
		<dict>
			<key>includeInIndex</key>
			<string>1</string>
			<key>isa</key>
			<string>PBXFileReference</string>
			<key>lastKnownFileType</key>
			<string>text.xcconfig</string>
			<key>name</key>
			<string>Pods-ClassyTestsLoader.release.xcconfig</string>
			<key>path</key>
			<string>../Pods/Target Support Files/Pods-ClassyTestsLoader/Pods-ClassyTestsLoader.release.xcconfig</string>
			<key>sourceTree</key>
			<string>&lt;group&gt;</string>
		</dict>
		<key>BDABE4F7F7AD42D589D779BD</key>
		<dict>
			<key>fileRef</key>
			<string>13B648C088D7485783343464</string>
			<key>isa</key>
			<string>PBXBuildFile</string>
		</dict>
		<key>C594C855E67D4ABAAB9D8034</key>
		<dict>
			<key>explicitFileType</key>
			<string>archive.ar</string>
			<key>includeInIndex</key>
			<string>0</string>
			<key>isa</key>
			<string>PBXFileReference</string>
			<key>path</key>
			<string>libPods-ClassyTests.a</string>
			<key>sourceTree</key>
			<string>BUILT_PRODUCTS_DIR</string>
		</dict>
		<key>CC986B10AB494D06AB85AEF5</key>
		<dict>
			<key>buildActionMask</key>
			<string>2147483647</string>
			<key>files</key>
			<array/>
			<key>inputPaths</key>
			<array/>
			<key>isa</key>
			<string>PBXShellScriptBuildPhase</string>
			<key>name</key>
			<string>Copy Pods Resources</string>
			<key>outputPaths</key>
			<array/>
			<key>runOnlyForDeploymentPostprocessing</key>
			<string>0</string>
			<key>shellPath</key>
			<string>/bin/sh</string>
			<key>shellScript</key>
			<string>"${SRCROOT}/../Pods/Target Support Files/Pods-ClassyTests/Pods-ClassyTests-resources.sh"
</string>
			<key>showEnvVarsInLog</key>
			<string>0</string>
		</dict>
		<key>DD10AD2E1819FA6800A5B71D</key>
		<dict>
			<key>fileEncoding</key>
			<string>4</string>
			<key>isa</key>
			<string>PBXFileReference</string>
			<key>lastKnownFileType</key>
			<string>text</string>
			<key>path</key>
			<string>CustomView-Basic.cas</string>
			<key>sourceTree</key>
			<string>&lt;group&gt;</string>
		</dict>
		<key>DD10AD2F1819FA6800A5B71D</key>
		<dict>
			<key>fileEncoding</key>
			<string>4</string>
			<key>isa</key>
			<string>PBXFileReference</string>
			<key>lastKnownFileType</key>
			<string>text</string>
			<key>path</key>
			<string>Properties-Basic.cas</string>
			<key>sourceTree</key>
			<string>&lt;group&gt;</string>
		</dict>
		<key>DD10AD301819FA6800A5B71D</key>
		<dict>
			<key>fileEncoding</key>
			<string>4</string>
			<key>isa</key>
			<string>PBXFileReference</string>
			<key>lastKnownFileType</key>
			<string>text</string>
			<key>path</key>
			<string>Selectors-Messy.cas</string>
			<key>sourceTree</key>
			<string>&lt;group&gt;</string>
		</dict>
		<key>DD10AD311819FA6800A5B71D</key>
		<dict>
			<key>fileEncoding</key>
			<string>4</string>
			<key>isa</key>
			<string>PBXFileReference</string>
			<key>lastKnownFileType</key>
			<string>text</string>
			<key>path</key>
			<string>Selectors-Complex.cas</string>
			<key>sourceTree</key>
			<string>&lt;group&gt;</string>
		</dict>
		<key>DD10AD321819FA6800A5B71D</key>
		<dict>
			<key>fileEncoding</key>
			<string>4</string>
			<key>isa</key>
			<string>PBXFileReference</string>
			<key>lastKnownFileType</key>
			<string>text</string>
			<key>path</key>
			<string>Selectors-Hierarchy.cas</string>
			<key>sourceTree</key>
			<string>&lt;group&gt;</string>
		</dict>
		<key>DD10AD331819FA6800A5B71D</key>
		<dict>
			<key>fileEncoding</key>
			<string>4</string>
			<key>isa</key>
			<string>PBXFileReference</string>
			<key>lastKnownFileType</key>
			<string>text</string>
			<key>path</key>
			<string>Selectors-Indentation.cas</string>
			<key>sourceTree</key>
			<string>&lt;group&gt;</string>
		</dict>
		<key>DD10AD341819FA6800A5B71D</key>
		<dict>
			<key>fileEncoding</key>
			<string>4</string>
			<key>isa</key>
			<string>PBXFileReference</string>
			<key>lastKnownFileType</key>
			<string>text</string>
			<key>path</key>
			<string>UIAppearance-Basic.cas</string>
			<key>sourceTree</key>
			<string>&lt;group&gt;</string>
		</dict>
		<key>DD10AD351819FA6800A5B71D</key>
		<dict>
			<key>fileEncoding</key>
			<string>4</string>
			<key>isa</key>
			<string>PBXFileReference</string>
			<key>lastKnownFileType</key>
			<string>text</string>
			<key>path</key>
			<string>UIKit-Basic.cas</string>
			<key>sourceTree</key>
			<string>&lt;group&gt;</string>
		</dict>
		<key>DD10AD361819FA6800A5B71D</key>
		<dict>
			<key>fileRef</key>
			<string>DD10AD2E1819FA6800A5B71D</string>
			<key>isa</key>
			<string>PBXBuildFile</string>
		</dict>
		<key>DD10AD371819FA6800A5B71D</key>
		<dict>
			<key>fileRef</key>
			<string>DD10AD2F1819FA6800A5B71D</string>
			<key>isa</key>
			<string>PBXBuildFile</string>
		</dict>
		<key>DD10AD381819FA6800A5B71D</key>
		<dict>
			<key>fileRef</key>
			<string>DD10AD301819FA6800A5B71D</string>
			<key>isa</key>
			<string>PBXBuildFile</string>
		</dict>
		<key>DD10AD391819FA6800A5B71D</key>
		<dict>
			<key>fileRef</key>
			<string>DD10AD311819FA6800A5B71D</string>
			<key>isa</key>
			<string>PBXBuildFile</string>
		</dict>
		<key>DD10AD3A1819FA6800A5B71D</key>
		<dict>
			<key>fileRef</key>
			<string>DD10AD321819FA6800A5B71D</string>
			<key>isa</key>
			<string>PBXBuildFile</string>
		</dict>
		<key>DD10AD3B1819FA6800A5B71D</key>
		<dict>
			<key>fileRef</key>
			<string>DD10AD331819FA6800A5B71D</string>
			<key>isa</key>
			<string>PBXBuildFile</string>
		</dict>
		<key>DD10AD3C1819FA6800A5B71D</key>
		<dict>
			<key>fileRef</key>
			<string>DD10AD341819FA6800A5B71D</string>
			<key>isa</key>
			<string>PBXBuildFile</string>
		</dict>
		<key>DD10AD3D1819FA6800A5B71D</key>
		<dict>
			<key>fileRef</key>
			<string>DD10AD351819FA6800A5B71D</string>
			<key>isa</key>
			<string>PBXBuildFile</string>
		</dict>
		<key>DD10AD3E181A16EA00A5B71D</key>
		<dict>
			<key>children</key>
			<array>
				<string>DD10AD4E181A172F00A5B71D</string>
				<string>DD10AD50181A174A00A5B71D</string>
				<string>DD10AD52181A176000A5B71D</string>
			</array>
			<key>isa</key>
			<string>PBXGroup</string>
			<key>path</key>
			<string>Integration Tests</string>
			<key>sourceTree</key>
			<string>&lt;group&gt;</string>
		</dict>
		<key>DD10AD3F181A16EA00A5B71D</key>
		<dict>
			<key>children</key>
			<array>
				<string>DD10AD40181A16EA00A5B71D</string>
				<string>DD10AD41181A16EA00A5B71D</string>
				<string>DD10AD42181A16EA00A5B71D</string>
				<string>DD10AD43181A16EA00A5B71D</string>
				<string>DD10AD44181A16EA00A5B71D</string>
				<string>DD10AD45181A16EA00A5B71D</string>
				<string>DD10AD46181A16EA00A5B71D</string>
				<string>DD9389DD18206A0100C0FFA7</string>
				<string>DD8248641839684700DDD6EF</string>
			</array>
			<key>isa</key>
			<string>PBXGroup</string>
			<key>path</key>
			<string>Unit Tests</string>
			<key>sourceTree</key>
			<string>&lt;group&gt;</string>
		</dict>
		<key>DD10AD40181A16EA00A5B71D</key>
		<dict>
			<key>fileEncoding</key>
			<string>4</string>
			<key>isa</key>
			<string>PBXFileReference</string>
			<key>lastKnownFileType</key>
			<string>sourcecode.c.objc</string>
			<key>path</key>
			<string>CASArgumentDescriptorSpec.m</string>
			<key>sourceTree</key>
			<string>&lt;group&gt;</string>
		</dict>
		<key>DD10AD41181A16EA00A5B71D</key>
		<dict>
			<key>fileEncoding</key>
			<string>4</string>
			<key>isa</key>
			<string>PBXFileReference</string>
			<key>lastKnownFileType</key>
			<string>sourcecode.c.objc</string>
			<key>path</key>
			<string>CASLexerSpec.m</string>
			<key>sourceTree</key>
			<string>&lt;group&gt;</string>
		</dict>
		<key>DD10AD42181A16EA00A5B71D</key>
		<dict>
			<key>fileEncoding</key>
			<string>4</string>
			<key>isa</key>
			<string>PBXFileReference</string>
			<key>lastKnownFileType</key>
			<string>sourcecode.c.objc</string>
			<key>path</key>
			<string>CASParserSpec.m</string>
			<key>sourceTree</key>
			<string>&lt;group&gt;</string>
		</dict>
		<key>DD10AD43181A16EA00A5B71D</key>
		<dict>
			<key>fileEncoding</key>
			<string>4</string>
			<key>isa</key>
			<string>PBXFileReference</string>
			<key>lastKnownFileType</key>
			<string>sourcecode.c.objc</string>
			<key>path</key>
			<string>CASRuntimeExtensionsSpec.m</string>
			<key>sourceTree</key>
			<string>&lt;group&gt;</string>
		</dict>
		<key>DD10AD44181A16EA00A5B71D</key>
		<dict>
			<key>fileEncoding</key>
			<string>4</string>
			<key>isa</key>
			<string>PBXFileReference</string>
			<key>lastKnownFileType</key>
			<string>sourcecode.c.objc</string>
			<key>path</key>
			<string>CASStylePropertySpec.m</string>
			<key>sourceTree</key>
			<string>&lt;group&gt;</string>
		</dict>
		<key>DD10AD45181A16EA00A5B71D</key>
		<dict>
			<key>fileEncoding</key>
			<string>4</string>
			<key>isa</key>
			<string>PBXFileReference</string>
			<key>lastKnownFileType</key>
			<string>sourcecode.c.objc</string>
			<key>path</key>
			<string>CASStylerSpec.m</string>
			<key>sourceTree</key>
			<string>&lt;group&gt;</string>
		</dict>
		<key>DD10AD46181A16EA00A5B71D</key>
		<dict>
			<key>fileEncoding</key>
			<string>4</string>
			<key>isa</key>
			<string>PBXFileReference</string>
			<key>lastKnownFileType</key>
			<string>sourcecode.c.objc</string>
			<key>path</key>
			<string>CASTokenSpec.m</string>
			<key>sourceTree</key>
			<string>&lt;group&gt;</string>
		</dict>
		<key>DD10AD47181A16EA00A5B71D</key>
		<dict>
			<key>fileRef</key>
			<string>DD10AD40181A16EA00A5B71D</string>
			<key>isa</key>
			<string>PBXBuildFile</string>
		</dict>
		<key>DD10AD48181A16EA00A5B71D</key>
		<dict>
			<key>fileRef</key>
			<string>DD10AD41181A16EA00A5B71D</string>
			<key>isa</key>
			<string>PBXBuildFile</string>
		</dict>
		<key>DD10AD49181A16EA00A5B71D</key>
		<dict>
			<key>fileRef</key>
			<string>DD10AD42181A16EA00A5B71D</string>
			<key>isa</key>
			<string>PBXBuildFile</string>
		</dict>
		<key>DD10AD4A181A16EA00A5B71D</key>
		<dict>
			<key>fileRef</key>
			<string>DD10AD43181A16EA00A5B71D</string>
			<key>isa</key>
			<string>PBXBuildFile</string>
		</dict>
		<key>DD10AD4B181A16EA00A5B71D</key>
		<dict>
			<key>fileRef</key>
			<string>DD10AD44181A16EA00A5B71D</string>
			<key>isa</key>
			<string>PBXBuildFile</string>
		</dict>
		<key>DD10AD4C181A16EA00A5B71D</key>
		<dict>
			<key>fileRef</key>
			<string>DD10AD45181A16EA00A5B71D</string>
			<key>isa</key>
			<string>PBXBuildFile</string>
		</dict>
		<key>DD10AD4D181A16EA00A5B71D</key>
		<dict>
			<key>fileRef</key>
			<string>DD10AD46181A16EA00A5B71D</string>
			<key>isa</key>
			<string>PBXBuildFile</string>
		</dict>
		<key>DD10AD4E181A172F00A5B71D</key>
		<dict>
			<key>fileEncoding</key>
			<string>4</string>
			<key>isa</key>
			<string>PBXFileReference</string>
			<key>lastKnownFileType</key>
			<string>sourcecode.c.objc</string>
			<key>path</key>
			<string>CASUIKitSpec.m</string>
			<key>sourceTree</key>
			<string>&lt;group&gt;</string>
		</dict>
		<key>DD10AD4F181A172F00A5B71D</key>
		<dict>
			<key>fileRef</key>
			<string>DD10AD4E181A172F00A5B71D</string>
			<key>isa</key>
			<string>PBXBuildFile</string>
		</dict>
		<key>DD10AD50181A174A00A5B71D</key>
		<dict>
			<key>fileEncoding</key>
			<string>4</string>
			<key>isa</key>
			<string>PBXFileReference</string>
			<key>lastKnownFileType</key>
			<string>sourcecode.c.objc</string>
			<key>path</key>
			<string>CASUIAppearanceSpec.m</string>
			<key>sourceTree</key>
			<string>&lt;group&gt;</string>
		</dict>
		<key>DD10AD51181A174A00A5B71D</key>
		<dict>
			<key>fileRef</key>
			<string>DD10AD50181A174A00A5B71D</string>
			<key>isa</key>
			<string>PBXBuildFile</string>
		</dict>
		<key>DD10AD52181A176000A5B71D</key>
		<dict>
			<key>fileEncoding</key>
			<string>4</string>
			<key>isa</key>
			<string>PBXFileReference</string>
			<key>lastKnownFileType</key>
			<string>sourcecode.c.objc</string>
			<key>path</key>
			<string>CASCustomViewSpec.m</string>
			<key>sourceTree</key>
			<string>&lt;group&gt;</string>
		</dict>
		<key>DD10AD53181A176000A5B71D</key>
		<dict>
			<key>fileRef</key>
			<string>DD10AD52181A176000A5B71D</string>
			<key>isa</key>
			<string>PBXBuildFile</string>
		</dict>
		<key>DD10AD54181A1C9100A5B71D</key>
		<dict>
			<key>fileEncoding</key>
			<string>4</string>
			<key>isa</key>
			<string>PBXFileReference</string>
			<key>lastKnownFileType</key>
			<string>text</string>
			<key>path</key>
			<string>Properties-Args.cas</string>
			<key>sourceTree</key>
			<string>&lt;group&gt;</string>
		</dict>
		<key>DD10AD55181A1C9100A5B71D</key>
		<dict>
			<key>fileRef</key>
			<string>DD10AD54181A1C9100A5B71D</string>
			<key>isa</key>
			<string>PBXBuildFile</string>
		</dict>
		<key>DD148306186482AC00E0F5EF</key>
		<dict>
			<key>fileEncoding</key>
			<string>4</string>
			<key>isa</key>
			<string>PBXFileReference</string>
			<key>lastKnownFileType</key>
			<string>text</string>
			<key>path</key>
			<string>Variables-Basic.cas</string>
			<key>sourceTree</key>
			<string>&lt;group&gt;</string>
		</dict>
		<key>DD148307186482AC00E0F5EF</key>
		<dict>
			<key>fileRef</key>
			<string>DD148306186482AC00E0F5EF</string>
			<key>isa</key>
			<string>PBXBuildFile</string>
		</dict>
		<key>DD175F8B1820C81900139EBE</key>
		<dict>
			<key>isa</key>
			<string>PBXFileReference</string>
			<key>lastKnownFileType</key>
			<string>image.png</string>
			<key>path</key>
			<string>test_image_1.png</string>
			<key>sourceTree</key>
			<string>&lt;group&gt;</string>
		</dict>
		<key>DD175F8C1820C81900139EBE</key>
		<dict>
			<key>isa</key>
			<string>PBXFileReference</string>
			<key>lastKnownFileType</key>
			<string>image.png</string>
			<key>path</key>
			<string>test_image_2.png</string>
			<key>sourceTree</key>
			<string>&lt;group&gt;</string>
		</dict>
		<key>DD175F8D1820C81900139EBE</key>
		<dict>
			<key>isa</key>
			<string>PBXFileReference</string>
			<key>lastKnownFileType</key>
			<string>image.png</string>
			<key>path</key>
			<string>test_image_3.png</string>
			<key>sourceTree</key>
			<string>&lt;group&gt;</string>
		</dict>
		<key>DD175F8E1820C81900139EBE</key>
		<dict>
			<key>isa</key>
			<string>PBXFileReference</string>
			<key>lastKnownFileType</key>
			<string>image.png</string>
			<key>path</key>
			<string>test_image_4.png</string>
			<key>sourceTree</key>
			<string>&lt;group&gt;</string>
		</dict>
		<key>DD175F8F1820C81900139EBE</key>
		<dict>
			<key>fileRef</key>
			<string>DD175F8B1820C81900139EBE</string>
			<key>isa</key>
			<string>PBXBuildFile</string>
		</dict>
		<key>DD175F901820C81A00139EBE</key>
		<dict>
			<key>fileRef</key>
			<string>DD175F8C1820C81900139EBE</string>
			<key>isa</key>
			<string>PBXBuildFile</string>
		</dict>
		<key>DD175F911820C81A00139EBE</key>
		<dict>
			<key>fileRef</key>
			<string>DD175F8D1820C81900139EBE</string>
			<key>isa</key>
			<string>PBXBuildFile</string>
		</dict>
		<key>DD175F921820C81A00139EBE</key>
		<dict>
			<key>fileRef</key>
			<string>DD175F8E1820C81900139EBE</string>
			<key>isa</key>
			<string>PBXBuildFile</string>
		</dict>
		<key>DD2C8C921863D7E300F06746</key>
		<dict>
			<key>fileEncoding</key>
			<string>4</string>
			<key>isa</key>
			<string>PBXFileReference</string>
			<key>lastKnownFileType</key>
			<string>text</string>
			<key>path</key>
			<string>Selectors-Media-Queries-styler.cas</string>
			<key>sourceTree</key>
			<string>&lt;group&gt;</string>
		</dict>
		<key>DD2C8C931863D7E300F06746</key>
		<dict>
			<key>fileRef</key>
			<string>DD2C8C921863D7E300F06746</string>
			<key>isa</key>
			<string>PBXBuildFile</string>
		</dict>
		<key>DD43DA8A1810F5D40058FBC1</key>
		<dict>
			<key>fileEncoding</key>
			<string>4</string>
			<key>isa</key>
			<string>PBXFileReference</string>
			<key>lastKnownFileType</key>
			<string>sourcecode.c.h</string>
			<key>path</key>
			<string>Classy-Prefix.pch</string>
			<key>sourceTree</key>
			<string>&lt;group&gt;</string>
		</dict>
		<key>DD52F102183DCB2600F31A3F</key>
		<dict>
			<key>fileEncoding</key>
			<string>4</string>
			<key>isa</key>
			<string>PBXFileReference</string>
			<key>lastKnownFileType</key>
			<string>text</string>
			<key>path</key>
			<string>Import-1.cas</string>
			<key>sourceTree</key>
			<string>&lt;group&gt;</string>
		</dict>
		<key>DD52F103183DCB2600F31A3F</key>
		<dict>
			<key>fileEncoding</key>
			<string>4</string>
			<key>isa</key>
			<string>PBXFileReference</string>
			<key>lastKnownFileType</key>
			<string>text</string>
			<key>path</key>
			<string>Import-2.cas</string>
			<key>sourceTree</key>
			<string>&lt;group&gt;</string>
		</dict>
		<key>DD52F104183DCB2600F31A3F</key>
		<dict>
			<key>fileEncoding</key>
			<string>4</string>
			<key>isa</key>
			<string>PBXFileReference</string>
			<key>lastKnownFileType</key>
			<string>text</string>
			<key>path</key>
			<string>Import-Base.cas</string>
			<key>sourceTree</key>
			<string>&lt;group&gt;</string>
		</dict>
		<key>DD52F105183DCB2600F31A3F</key>
		<dict>
			<key>fileRef</key>
			<string>DD52F102183DCB2600F31A3F</string>
			<key>isa</key>
			<string>PBXBuildFile</string>
		</dict>
		<key>DD52F106183DCB2600F31A3F</key>
		<dict>
			<key>fileRef</key>
			<string>DD52F103183DCB2600F31A3F</string>
			<key>isa</key>
			<string>PBXBuildFile</string>
		</dict>
		<key>DD52F107183DCB2600F31A3F</key>
		<dict>
			<key>fileRef</key>
			<string>DD52F104183DCB2600F31A3F</string>
			<key>isa</key>
			<string>PBXBuildFile</string>
		</dict>
		<key>DD592B12181DE5E800C30F7F</key>
		<dict>
			<key>fileEncoding</key>
			<string>4</string>
			<key>isa</key>
			<string>PBXFileReference</string>
			<key>lastKnownFileType</key>
			<string>text</string>
			<key>path</key>
			<string>Selectors-Nested.cas</string>
			<key>sourceTree</key>
			<string>&lt;group&gt;</string>
		</dict>
		<key>DD592B13181DE5E800C30F7F</key>
		<dict>
			<key>fileRef</key>
			<string>DD592B12181DE5E800C30F7F</string>
			<key>isa</key>
			<string>PBXBuildFile</string>
		</dict>
		<key>DD5B2DAF189532DC00CB6531</key>
		<dict>
			<key>fileEncoding</key>
			<string>4</string>
			<key>isa</key>
			<string>PBXFileReference</string>
			<key>lastKnownFileType</key>
			<string>text</string>
			<key>path</key>
			<string>Variables-Injection.cas</string>
			<key>sourceTree</key>
			<string>&lt;group&gt;</string>
		</dict>
		<key>DD5B2DB0189532DC00CB6531</key>
		<dict>
			<key>fileRef</key>
			<string>DD5B2DAF189532DC00CB6531</string>
			<key>isa</key>
			<string>PBXBuildFile</string>
		</dict>
		<key>DD748A5A184446A700DE426A</key>
		<dict>
			<key>fileEncoding</key>
			<string>4</string>
			<key>isa</key>
			<string>PBXFileReference</string>
			<key>lastKnownFileType</key>
			<string>sourcecode.c.h</string>
			<key>path</key>
			<string>UIDevice+CASMockDevice.h</string>
			<key>sourceTree</key>
			<string>&lt;group&gt;</string>
		</dict>
		<key>DD748A5B184446A700DE426A</key>
		<dict>
			<key>fileEncoding</key>
			<string>4</string>
			<key>isa</key>
			<string>PBXFileReference</string>
			<key>lastKnownFileType</key>
			<string>sourcecode.c.objc</string>
			<key>path</key>
			<string>UIDevice+CASMockDevice.m</string>
			<key>sourceTree</key>
			<string>&lt;group&gt;</string>
		</dict>
		<key>DD748A5C184446A700DE426A</key>
		<dict>
			<key>fileRef</key>
			<string>DD748A5B184446A700DE426A</string>
			<key>isa</key>
			<string>PBXBuildFile</string>
		</dict>
		<key>DD748A5D184446F900DE426A</key>
		<dict>
			<key>fileEncoding</key>
			<string>4</string>
			<key>isa</key>
			<string>PBXFileReference</string>
			<key>lastKnownFileType</key>
			<string>sourcecode.c.h</string>
			<key>path</key>
			<string>CASSwizzler.h</string>
			<key>sourceTree</key>
			<string>&lt;group&gt;</string>
		</dict>
		<key>DD7C18431827464C008110D7</key>
		<dict>
			<key>fileEncoding</key>
			<string>4</string>
			<key>isa</key>
			<string>PBXFileReference</string>
			<key>lastKnownFileType</key>
			<string>text</string>
			<key>path</key>
			<string>Properties-Nested.cas</string>
			<key>sourceTree</key>
			<string>&lt;group&gt;</string>
		</dict>
		<key>DD7C18441827464C008110D7</key>
		<dict>
			<key>fileRef</key>
			<string>DD7C18431827464C008110D7</string>
			<key>isa</key>
			<string>PBXBuildFile</string>
		</dict>
		<key>DD824861183964CB00DDD6EF</key>
		<dict>
			<key>fileEncoding</key>
			<string>4</string>
			<key>isa</key>
			<string>PBXFileReference</string>
			<key>lastKnownFileType</key>
			<string>sourcecode.c.h</string>
			<key>path</key>
			<string>CASExampleViewController.h</string>
			<key>sourceTree</key>
			<string>&lt;group&gt;</string>
		</dict>
		<key>DD824862183964CB00DDD6EF</key>
		<dict>
			<key>fileEncoding</key>
			<string>4</string>
			<key>isa</key>
			<string>PBXFileReference</string>
			<key>lastKnownFileType</key>
			<string>sourcecode.c.objc</string>
			<key>path</key>
			<string>CASExampleViewController.m</string>
			<key>sourceTree</key>
			<string>&lt;group&gt;</string>
		</dict>
		<key>DD824863183964CB00DDD6EF</key>
		<dict>
			<key>fileRef</key>
			<string>DD824862183964CB00DDD6EF</string>
			<key>isa</key>
			<string>PBXBuildFile</string>
		</dict>
		<key>DD8248641839684700DDD6EF</key>
		<dict>
			<key>fileEncoding</key>
			<string>4</string>
			<key>isa</key>
			<string>PBXFileReference</string>
			<key>lastKnownFileType</key>
			<string>sourcecode.c.objc</string>
			<key>path</key>
			<string>UIView_CASAdditionsSpec.m</string>
			<key>sourceTree</key>
			<string>&lt;group&gt;</string>
		</dict>
		<key>DD8248651839684700DDD6EF</key>
		<dict>
			<key>fileRef</key>
			<string>DD8248641839684700DDD6EF</string>
			<key>isa</key>
			<string>PBXBuildFile</string>
		</dict>
		<key>DD84B3DE183ACB0A0009ACAA</key>
		<dict>
			<key>fileEncoding</key>
			<string>4</string>
			<key>isa</key>
			<string>PBXFileReference</string>
			<key>lastKnownFileType</key>
			<string>sourcecode.c.h</string>
			<key>path</key>
			<string>CASTestsAppDelegate.h</string>
			<key>sourceTree</key>
			<string>&lt;group&gt;</string>
		</dict>
		<key>DD84B3DF183ACB0A0009ACAA</key>
		<dict>
			<key>fileEncoding</key>
			<string>4</string>
			<key>isa</key>
			<string>PBXFileReference</string>
			<key>lastKnownFileType</key>
			<string>sourcecode.c.objc</string>
			<key>path</key>
			<string>CASTestsAppDelegate.m</string>
			<key>sourceTree</key>
			<string>&lt;group&gt;</string>
		</dict>
		<key>DD84B3E0183ACB0A0009ACAA</key>
		<dict>
			<key>fileRef</key>
			<string>DD84B3DF183ACB0A0009ACAA</string>
			<key>isa</key>
			<string>PBXBuildFile</string>
		</dict>
		<key>DD84B3E2183ACC370009ACAA</key>
		<dict>
			<key>fileEncoding</key>
			<string>4</string>
			<key>isa</key>
			<string>PBXFileReference</string>
			<key>lastKnownFileType</key>
			<string>sourcecode.c.objc</string>
			<key>path</key>
			<string>GcovTestObserver.m</string>
			<key>sourceTree</key>
			<string>&lt;group&gt;</string>
		</dict>
		<key>DD84B3E3183ACC370009ACAA</key>
		<dict>
			<key>fileRef</key>
			<string>DD84B3E2183ACC370009ACAA</string>
			<key>isa</key>
			<string>PBXBuildFile</string>
		</dict>
		<key>DD85DDBE1841C1DC00126E8C</key>
		<dict>
			<key>fileEncoding</key>
			<string>4</string>
			<key>isa</key>
			<string>PBXFileReference</string>
			<key>lastKnownFileType</key>
			<string>text</string>
			<key>path</key>
			<string>Selectors-Media-Queries.cas</string>
			<key>sourceTree</key>
			<string>&lt;group&gt;</string>
		</dict>
		<key>DD85DDBF1841C1DC00126E8C</key>
		<dict>
			<key>fileRef</key>
			<string>DD85DDBE1841C1DC00126E8C</string>
			<key>isa</key>
			<string>PBXBuildFile</string>
		</dict>
		<key>DD9389DD18206A0100C0FFA7</key>
		<dict>
			<key>fileEncoding</key>
			<string>4</string>
			<key>isa</key>
			<string>PBXFileReference</string>
			<key>lastKnownFileType</key>
			<string>sourcecode.c.objc</string>
			<key>path</key>
			<string>CASStyleSelectorSpec.m</string>
			<key>sourceTree</key>
			<string>&lt;group&gt;</string>
		</dict>
		<key>DD9389DE18206A0100C0FFA7</key>
		<dict>
			<key>fileRef</key>
			<string>DD9389DD18206A0100C0FFA7</string>
			<key>isa</key>
			<string>PBXBuildFile</string>
		</dict>
		<key>DDB16C991895563900256EC6</key>
		<dict>
			<key>fileEncoding</key>
			<string>4</string>
			<key>isa</key>
			<string>PBXFileReference</string>
			<key>lastKnownFileType</key>
			<string>text</string>
			<key>path</key>
			<string>Injected-File.cas</string>
			<key>sourceTree</key>
			<string>&lt;group&gt;</string>
		</dict>
		<key>DDB16C9A1895563900256EC6</key>
		<dict>
			<key>fileRef</key>
			<string>DDB16C991895563900256EC6</string>
			<key>isa</key>
			<string>PBXBuildFile</string>
		</dict>
		<key>DDBF582518112ECA0059B8D3</key>
		<dict>
			<key>isa</key>
			<string>PBXFileReference</string>
			<key>lastKnownFileType</key>
			<string>wrapper.framework</string>
			<key>name</key>
			<string>XCTest.framework</string>
			<key>path</key>
			<string>Library/Frameworks/XCTest.framework</string>
			<key>sourceTree</key>
			<string>DEVELOPER_DIR</string>
		</dict>
		<key>DDBF582F18113BC10059B8D3</key>
		<dict>
			<key>buildActionMask</key>
			<string>2147483647</string>
			<key>files</key>
			<array>
				<string>DD748A5C184446A700DE426A</string>
				<string>DD10AD51181A174A00A5B71D</string>
				<string>DD10AD47181A16EA00A5B71D</string>
				<string>DD10AD49181A16EA00A5B71D</string>
				<string>DD10AD53181A176000A5B71D</string>
				<string>DDBF586818113FCC0059B8D3</string>
				<string>DD8248651839684700DDD6EF</string>
				<string>DD9389DE18206A0100C0FFA7</string>
				<string>DD10AD4F181A172F00A5B71D</string>
				<string>DD10AD4B181A16EA00A5B71D</string>
				<string>DD10AD4D181A16EA00A5B71D</string>
				<string>DD824863183964CB00DDD6EF</string>
				<string>DD84B3E3183ACC370009ACAA</string>
				<string>DD10AD4C181A16EA00A5B71D</string>
				<string>DD10AD48181A16EA00A5B71D</string>
				<string>DD10AD4A181A16EA00A5B71D</string>
			</array>
			<key>isa</key>
			<string>PBXSourcesBuildPhase</string>
			<key>runOnlyForDeploymentPostprocessing</key>
			<string>0</string>
		</dict>
		<key>DDBF583018113BC10059B8D3</key>
		<dict>
			<key>buildActionMask</key>
			<string>2147483647</string>
			<key>files</key>
			<array>
				<string>DDBF583418113BC10059B8D3</string>
				<string>DDBF583618113BC10059B8D3</string>
				<string>DDBF583518113BC10059B8D3</string>
				<string>9980D2916D344434ACF1CB78</string>
			</array>
			<key>isa</key>
			<string>PBXFrameworksBuildPhase</string>
			<key>runOnlyForDeploymentPostprocessing</key>
			<string>0</string>
		</dict>
		<key>DDBF583118113BC10059B8D3</key>
		<dict>
			<key>buildActionMask</key>
			<string>2147483647</string>
			<key>files</key>
			<array>
				<string>DDE7E51F18915B0600BA5718</string>
				<string>DD10AD3A1819FA6800A5B71D</string>
				<string>DD592B13181DE5E800C30F7F</string>
				<string>DD148307186482AC00E0F5EF</string>
				<string>DDB16C9A1895563900256EC6</string>
				<string>DD10AD55181A1C9100A5B71D</string>
				<string>DD10AD3D1819FA6800A5B71D</string>
				<string>DD10AD361819FA6800A5B71D</string>
				<string>DD52F106183DCB2600F31A3F</string>
				<string>DD10AD371819FA6800A5B71D</string>
				<string>DD85DDBF1841C1DC00126E8C</string>
				<string>DD10AD381819FA6800A5B71D</string>
				<string>DD7C18441827464C008110D7</string>
				<string>DD10AD3C1819FA6800A5B71D</string>
				<string>DD10AD3B1819FA6800A5B71D</string>
				<string>DD52F107183DCB2600F31A3F</string>
				<string>DD2C8C931863D7E300F06746</string>
				<string>DD52F105183DCB2600F31A3F</string>
				<string>DD5B2DB0189532DC00CB6531</string>
				<string>DDE7E52018915B0600BA5718</string>
				<string>DD10AD391819FA6800A5B71D</string>
			</array>
			<key>isa</key>
			<string>PBXResourcesBuildPhase</string>
			<key>runOnlyForDeploymentPostprocessing</key>
			<string>0</string>
		</dict>
		<key>DDBF583218113BC10059B8D3</key>
		<dict>
			<key>buildConfigurationList</key>
			<string>DDBF584218113BC10059B8D3</string>
			<key>buildPhases</key>
			<array>
				<string>978F0B8381844F0694B65CD6</string>
				<string>DDBF582F18113BC10059B8D3</string>
				<string>DDBF583018113BC10059B8D3</string>
				<string>DDBF583118113BC10059B8D3</string>
				<string>CC986B10AB494D06AB85AEF5</string>
			</array>
			<key>buildRules</key>
			<array/>
			<key>dependencies</key>
			<array>
				<string>DDBF584118113BC10059B8D3</string>
			</array>
			<key>isa</key>
			<string>PBXNativeTarget</string>
			<key>name</key>
			<string>ClassyTests</string>
			<key>productName</key>
			<string>ClassyTests</string>
			<key>productReference</key>
			<string>DDBF583318113BC10059B8D3</string>
			<key>productType</key>
			<string>com.apple.product-type.bundle.unit-test</string>
		</dict>
		<key>DDBF583318113BC10059B8D3</key>
		<dict>
			<key>explicitFileType</key>
			<string>wrapper.cfbundle</string>
			<key>includeInIndex</key>
			<string>0</string>
			<key>isa</key>
			<string>PBXFileReference</string>
			<key>path</key>
			<string>ClassyTests.xctest</string>
			<key>sourceTree</key>
			<string>BUILT_PRODUCTS_DIR</string>
		</dict>
		<key>DDBF583418113BC10059B8D3</key>
		<dict>
			<key>fileRef</key>
			<string>DDBF582518112ECA0059B8D3</string>
			<key>isa</key>
			<string>PBXBuildFile</string>
		</dict>
		<key>DDBF583518113BC10059B8D3</key>
		<dict>
			<key>fileRef</key>
			<string>DDD3D48C1810D6DA00E378A2</string>
			<key>isa</key>
			<string>PBXBuildFile</string>
		</dict>
		<key>DDBF583618113BC10059B8D3</key>
		<dict>
			<key>fileRef</key>
			<string>DDD3D4901810D6DA00E378A2</string>
			<key>isa</key>
			<string>PBXBuildFile</string>
		</dict>
		<key>DDBF584018113BC10059B8D3</key>
		<dict>
			<key>containerPortal</key>
			<string>DDD3D4811810D6DA00E378A2</string>
			<key>isa</key>
			<string>PBXContainerItemProxy</string>
			<key>proxyType</key>
			<string>1</string>
			<key>remoteGlobalIDString</key>
			<string>DDD3D4881810D6DA00E378A2</string>
			<key>remoteInfo</key>
			<string>ClassyTestsLoader</string>
		</dict>
		<key>DDBF584118113BC10059B8D3</key>
		<dict>
			<key>isa</key>
			<string>PBXTargetDependency</string>
			<key>target</key>
			<string>DDD3D4881810D6DA00E378A2</string>
			<key>targetProxy</key>
			<string>DDBF584018113BC10059B8D3</string>
		</dict>
		<key>DDBF584218113BC10059B8D3</key>
		<dict>
			<key>buildConfigurations</key>
			<array>
				<string>DDBF584318113BC10059B8D3</string>
				<string>DDBF584418113BC10059B8D3</string>
			</array>
			<key>defaultConfigurationIsVisible</key>
			<string>0</string>
			<key>defaultConfigurationName</key>
			<string>Release</string>
			<key>isa</key>
			<string>XCConfigurationList</string>
		</dict>
		<key>DDBF584318113BC10059B8D3</key>
		<dict>
			<key>baseConfigurationReference</key>
			<string>5550D16AEBCD01918D28E891</string>
			<key>buildSettings</key>
			<dict>
				<key>ARCHS</key>
				<string>$(ARCHS_STANDARD_INCLUDING_64_BIT)</string>
				<key>BUNDLE_LOADER</key>
				<string>$(BUILT_PRODUCTS_DIR)/ClassyTestsLoader.app/ClassyTestsLoader</string>
				<key>FRAMEWORK_SEARCH_PATHS</key>
				<array>
					<string>$(SDKROOT)/Developer/Library/Frameworks</string>
					<string>$(inherited)</string>
					<string>$(DEVELOPER_FRAMEWORKS_DIR)</string>
				</array>
				<key>GCC_PRECOMPILE_PREFIX_HEADER</key>
				<string>YES</string>
				<key>GCC_PREFIX_HEADER</key>
				<string>ClassyTests-Prefix.pch</string>
				<key>GCC_PREPROCESSOR_DEFINITIONS</key>
				<array>
					<string>DEBUG=1</string>
					<string>$(inherited)</string>
				</array>
				<key>INFOPLIST_FILE</key>
				<string>ClassyTests-Info.plist</string>
				<key>PRODUCT_NAME</key>
				<string>$(TARGET_NAME)</string>
				<key>TEST_HOST</key>
				<string>$(BUNDLE_LOADER)</string>
				<key>WRAPPER_EXTENSION</key>
				<string>xctest</string>
			</dict>
			<key>isa</key>
			<string>XCBuildConfiguration</string>
			<key>name</key>
			<string>Debug</string>
		</dict>
		<key>DDBF584418113BC10059B8D3</key>
		<dict>
			<key>baseConfigurationReference</key>
			<string>F1E932BEE390022666720493</string>
			<key>buildSettings</key>
			<dict>
				<key>ARCHS</key>
				<string>$(ARCHS_STANDARD_INCLUDING_64_BIT)</string>
				<key>BUNDLE_LOADER</key>
				<string>$(BUILT_PRODUCTS_DIR)/ClassyTestsLoader.app/ClassyTestsLoader</string>
				<key>FRAMEWORK_SEARCH_PATHS</key>
				<array>
					<string>$(SDKROOT)/Developer/Library/Frameworks</string>
					<string>$(inherited)</string>
					<string>$(DEVELOPER_FRAMEWORKS_DIR)</string>
				</array>
				<key>GCC_PRECOMPILE_PREFIX_HEADER</key>
				<string>YES</string>
				<key>GCC_PREFIX_HEADER</key>
				<string>ClassyTests-Prefix.pch</string>
				<key>INFOPLIST_FILE</key>
				<string>ClassyTests-Info.plist</string>
				<key>PRODUCT_NAME</key>
				<string>$(TARGET_NAME)</string>
				<key>TEST_HOST</key>
				<string>$(BUNDLE_LOADER)</string>
				<key>WRAPPER_EXTENSION</key>
				<string>xctest</string>
			</dict>
			<key>isa</key>
			<string>XCBuildConfiguration</string>
			<key>name</key>
			<string>Release</string>
		</dict>
		<key>DDBF584518113C750059B8D3</key>
		<dict>
			<key>children</key>
			<array>
				<string>DD10AD3E181A16EA00A5B71D</string>
				<string>DD10AD3F181A16EA00A5B71D</string>
			</array>
			<key>isa</key>
			<string>PBXGroup</string>
			<key>path</key>
			<string>Specs</string>
			<key>sourceTree</key>
			<string>&lt;group&gt;</string>
		</dict>
		<key>DDBF585018113C750059B8D3</key>
		<dict>
			<key>fileEncoding</key>
			<string>4</string>
			<key>isa</key>
			<string>PBXFileReference</string>
			<key>lastKnownFileType</key>
			<string>sourcecode.c.h</string>
			<key>path</key>
			<string>XCTest+Spec.h</string>
			<key>sourceTree</key>
			<string>&lt;group&gt;</string>
		</dict>
		<key>DDBF585A18113C850059B8D3</key>
		<dict>
			<key>children</key>
			<array>
				<string>DDD3D4BB1810D8B100E378A2</string>
				<string>DD748A5D184446F900DE426A</string>
				<string>DD748A5A184446A700DE426A</string>
				<string>DD748A5B184446A700DE426A</string>
				<string>DD824861183964CB00DDD6EF</string>
				<string>DD824862183964CB00DDD6EF</string>
				<string>DDBF585F18113FCC0059B8D3</string>
				<string>DDBF586018113FCC0059B8D3</string>
				<string>DDBF585018113C750059B8D3</string>
				<string>DD84B3E2183ACC370009ACAA</string>
				<string>DDBF585B18113C980059B8D3</string>
				<string>DDBF585C18113C980059B8D3</string>
			</array>
			<key>isa</key>
			<string>PBXGroup</string>
			<key>name</key>
			<string>Supporting Files</string>
			<key>path</key>
			<string>Specs</string>
			<key>sourceTree</key>
			<string>&lt;group&gt;</string>
		</dict>
		<key>DDBF585B18113C980059B8D3</key>
		<dict>
			<key>fileEncoding</key>
			<string>4</string>
			<key>isa</key>
			<string>PBXFileReference</string>
			<key>lastKnownFileType</key>
			<string>text.plist.xml</string>
			<key>path</key>
			<string>ClassyTests-Info.plist</string>
			<key>sourceTree</key>
			<string>SOURCE_ROOT</string>
		</dict>
		<key>DDBF585C18113C980059B8D3</key>
		<dict>
			<key>fileEncoding</key>
			<string>4</string>
			<key>isa</key>
			<string>PBXFileReference</string>
			<key>lastKnownFileType</key>
			<string>sourcecode.c.h</string>
			<key>path</key>
			<string>ClassyTests-Prefix.pch</string>
			<key>sourceTree</key>
			<string>SOURCE_ROOT</string>
		</dict>
		<key>DDBF585F18113FCC0059B8D3</key>
		<dict>
			<key>fileEncoding</key>
			<string>4</string>
			<key>isa</key>
			<string>PBXFileReference</string>
			<key>lastKnownFileType</key>
			<string>sourcecode.c.h</string>
			<key>path</key>
			<string>CASExampleView.h</string>
			<key>sourceTree</key>
			<string>&lt;group&gt;</string>
		</dict>
		<key>DDBF586018113FCC0059B8D3</key>
		<dict>
			<key>fileEncoding</key>
			<string>4</string>
			<key>isa</key>
			<string>PBXFileReference</string>
			<key>lastKnownFileType</key>
			<string>sourcecode.c.objc</string>
			<key>path</key>
			<string>CASExampleView.m</string>
			<key>sourceTree</key>
			<string>&lt;group&gt;</string>
		</dict>
		<key>DDBF586818113FCC0059B8D3</key>
		<dict>
			<key>fileRef</key>
			<string>DDBF586018113FCC0059B8D3</string>
			<key>isa</key>
			<string>PBXBuildFile</string>
		</dict>
		<key>DDBF586F181145760059B8D3</key>
		<dict>
			<key>children</key>
			<array>
				<string>DD10AD2E1819FA6800A5B71D</string>
				<string>DD10AD54181A1C9100A5B71D</string>
				<string>DD10AD2F1819FA6800A5B71D</string>
				<string>DD7C18431827464C008110D7</string>
				<string>DD10AD301819FA6800A5B71D</string>
				<string>DD10AD311819FA6800A5B71D</string>
				<string>DD10AD321819FA6800A5B71D</string>
				<string>DD10AD331819FA6800A5B71D</string>
				<string>DD592B12181DE5E800C30F7F</string>
				<string>DD85DDBE1841C1DC00126E8C</string>
				<string>DD2C8C921863D7E300F06746</string>
				<string>DD10AD341819FA6800A5B71D</string>
				<string>DD10AD351819FA6800A5B71D</string>
				<string>DD52F104183DCB2600F31A3F</string>
				<string>DD52F102183DCB2600F31A3F</string>
				<string>DD52F103183DCB2600F31A3F</string>
				<string>DD148306186482AC00E0F5EF</string>
				<string>DD5B2DAF189532DC00CB6531</string>
				<string>DDB16C991895563900256EC6</string>
				<string>DDE7E51D18915B0600BA5718</string>
				<string>DDE7E51E18915B0600BA5718</string>
			</array>
			<key>isa</key>
			<string>PBXGroup</string>
			<key>path</key>
			<string>Stylesheets</string>
			<key>sourceTree</key>
			<string>&lt;group&gt;</string>
		</dict>
		<key>DDD3D4801810D6DA00E378A2</key>
		<dict>
			<key>children</key>
			<array>
				<string>DDBF586F181145760059B8D3</string>
				<string>DDBF584518113C750059B8D3</string>
				<string>DDBF585A18113C850059B8D3</string>
				<string>DDD3D48B1810D6DA00E378A2</string>
				<string>DDD3D48A1810D6DA00E378A2</string>
				<string>3A507E084934CF23E8D61D46</string>
			</array>
			<key>isa</key>
			<string>PBXGroup</string>
			<key>sourceTree</key>
			<string>&lt;group&gt;</string>
		</dict>
		<key>DDD3D4811810D6DA00E378A2</key>
		<dict>
			<key>attributes</key>
			<dict>
				<key>CLASSPREFIX</key>
				<string>CAS</string>
				<key>LastUpgradeCheck</key>
				<string>0500</string>
				<key>ORGANIZATIONNAME</key>
				<string>Jonas Budelmann</string>
				<key>TargetAttributes</key>
				<dict>
					<key>DDBF583218113BC10059B8D3</key>
					<dict>
						<key>TestTargetID</key>
						<string>DDD3D4881810D6DA00E378A2</string>
					</dict>
				</dict>
			</dict>
			<key>buildConfigurationList</key>
			<string>DDD3D4841810D6DA00E378A2</string>
			<key>compatibilityVersion</key>
			<string>Xcode 3.2</string>
			<key>developmentRegion</key>
			<string>English</string>
			<key>hasScannedForEncodings</key>
			<string>0</string>
			<key>isa</key>
			<string>PBXProject</string>
			<key>knownRegions</key>
			<array>
				<string>en</string>
			</array>
			<key>mainGroup</key>
			<string>DDD3D4801810D6DA00E378A2</string>
			<key>productRefGroup</key>
			<string>DDD3D48A1810D6DA00E378A2</string>
			<key>projectDirPath</key>
			<string></string>
			<key>projectReferences</key>
			<array/>
			<key>projectRoot</key>
			<string></string>
			<key>targets</key>
			<array>
				<string>DDD3D4881810D6DA00E378A2</string>
				<string>DDBF583218113BC10059B8D3</string>
			</array>
		</dict>
		<key>DDD3D4841810D6DA00E378A2</key>
		<dict>
			<key>buildConfigurations</key>
			<array>
				<string>DDD3D4B31810D6DA00E378A2</string>
				<string>DDD3D4B41810D6DA00E378A2</string>
			</array>
			<key>defaultConfigurationIsVisible</key>
			<string>0</string>
			<key>defaultConfigurationName</key>
			<string>Release</string>
			<key>isa</key>
			<string>XCConfigurationList</string>
		</dict>
		<key>DDD3D4851810D6DA00E378A2</key>
		<dict>
			<key>buildActionMask</key>
			<string>2147483647</string>
			<key>files</key>
			<array>
				<string>DD84B3E0183ACB0A0009ACAA</string>
				<string>DDD3D4C11810D8B100E378A2</string>
			</array>
			<key>isa</key>
			<string>PBXSourcesBuildPhase</string>
			<key>runOnlyForDeploymentPostprocessing</key>
			<string>0</string>
		</dict>
		<key>DDD3D4861810D6DA00E378A2</key>
		<dict>
			<key>buildActionMask</key>
			<string>2147483647</string>
			<key>files</key>
			<array>
				<string>DDD3D48F1810D6DA00E378A2</string>
				<string>DDD3D4911810D6DA00E378A2</string>
				<string>DDD3D48D1810D6DA00E378A2</string>
				<string>BDABE4F7F7AD42D589D779BD</string>
			</array>
			<key>isa</key>
			<string>PBXFrameworksBuildPhase</string>
			<key>runOnlyForDeploymentPostprocessing</key>
			<string>0</string>
		</dict>
		<key>DDD3D4871810D6DA00E378A2</key>
		<dict>
			<key>buildActionMask</key>
			<string>2147483647</string>
			<key>files</key>
			<array>
				<string>DD175F901820C81A00139EBE</string>
				<string>DDD3D5001810DF7C00E378A2</string>
				<string>DDD3D4C01810D8B100E378A2</string>
				<string>DD175F911820C81A00139EBE</string>
				<string>DD175F8F1820C81900139EBE</string>
				<string>DD175F921820C81A00139EBE</string>
			</array>
			<key>isa</key>
			<string>PBXResourcesBuildPhase</string>
			<key>runOnlyForDeploymentPostprocessing</key>
			<string>0</string>
		</dict>
		<key>DDD3D4881810D6DA00E378A2</key>
		<dict>
			<key>buildConfigurationList</key>
			<string>DDD3D4B51810D6DA00E378A2</string>
			<key>buildPhases</key>
			<array>
				<string>85CB2FDD53654D26A4128DD4</string>
				<string>DDD3D4851810D6DA00E378A2</string>
				<string>DDD3D4861810D6DA00E378A2</string>
				<string>DDD3D4871810D6DA00E378A2</string>
				<string>4CC291A52E864ADB9C46B39D</string>
			</array>
			<key>buildRules</key>
			<array/>
			<key>dependencies</key>
			<array/>
			<key>isa</key>
			<string>PBXNativeTarget</string>
			<key>name</key>
			<string>ClassyTestsLoader</string>
			<key>productName</key>
			<string>ClassyTests</string>
			<key>productReference</key>
			<string>DDD3D4891810D6DA00E378A2</string>
			<key>productType</key>
			<string>com.apple.product-type.application</string>
		</dict>
		<key>DDD3D4891810D6DA00E378A2</key>
		<dict>
			<key>explicitFileType</key>
			<string>wrapper.application</string>
			<key>includeInIndex</key>
			<string>0</string>
			<key>isa</key>
			<string>PBXFileReference</string>
			<key>path</key>
			<string>ClassyTestsLoader.app</string>
			<key>sourceTree</key>
			<string>BUILT_PRODUCTS_DIR</string>
		</dict>
		<key>DDD3D48A1810D6DA00E378A2</key>
		<dict>
			<key>children</key>
			<array>
				<string>DDD3D4891810D6DA00E378A2</string>
				<string>DDBF583318113BC10059B8D3</string>
			</array>
			<key>isa</key>
			<string>PBXGroup</string>
			<key>name</key>
			<string>Products</string>
			<key>sourceTree</key>
			<string>&lt;group&gt;</string>
		</dict>
		<key>DDD3D48B1810D6DA00E378A2</key>
		<dict>
			<key>children</key>
			<array>
				<string>DDBF582518112ECA0059B8D3</string>
				<string>DDD3D5011810E02F00E378A2</string>
				<string>DDD3D48C1810D6DA00E378A2</string>
				<string>DDD3D48E1810D6DA00E378A2</string>
				<string>DDD3D4901810D6DA00E378A2</string>
				<string>DDD3D4C71810D9A400E378A2</string>
				<string>C594C855E67D4ABAAB9D8034</string>
				<string>13B648C088D7485783343464</string>
			</array>
			<key>isa</key>
			<string>PBXGroup</string>
			<key>name</key>
			<string>Frameworks</string>
			<key>sourceTree</key>
			<string>&lt;group&gt;</string>
		</dict>
		<key>DDD3D48C1810D6DA00E378A2</key>
		<dict>
			<key>isa</key>
			<string>PBXFileReference</string>
			<key>lastKnownFileType</key>
			<string>wrapper.framework</string>
			<key>name</key>
			<string>Foundation.framework</string>
			<key>path</key>
			<string>System/Library/Frameworks/Foundation.framework</string>
			<key>sourceTree</key>
			<string>SDKROOT</string>
		</dict>
		<key>DDD3D48D1810D6DA00E378A2</key>
		<dict>
			<key>fileRef</key>
			<string>DDD3D48C1810D6DA00E378A2</string>
			<key>isa</key>
			<string>PBXBuildFile</string>
		</dict>
		<key>DDD3D48E1810D6DA00E378A2</key>
		<dict>
			<key>isa</key>
			<string>PBXFileReference</string>
			<key>lastKnownFileType</key>
			<string>wrapper.framework</string>
			<key>name</key>
			<string>CoreGraphics.framework</string>
			<key>path</key>
			<string>System/Library/Frameworks/CoreGraphics.framework</string>
			<key>sourceTree</key>
			<string>SDKROOT</string>
		</dict>
		<key>DDD3D48F1810D6DA00E378A2</key>
		<dict>
			<key>fileRef</key>
			<string>DDD3D48E1810D6DA00E378A2</string>
			<key>isa</key>
			<string>PBXBuildFile</string>
		</dict>
		<key>DDD3D4901810D6DA00E378A2</key>
		<dict>
			<key>isa</key>
			<string>PBXFileReference</string>
			<key>lastKnownFileType</key>
			<string>wrapper.framework</string>
			<key>name</key>
			<string>UIKit.framework</string>
			<key>path</key>
			<string>System/Library/Frameworks/UIKit.framework</string>
			<key>sourceTree</key>
			<string>SDKROOT</string>
		</dict>
		<key>DDD3D4911810D6DA00E378A2</key>
		<dict>
			<key>fileRef</key>
			<string>DDD3D4901810D6DA00E378A2</string>
			<key>isa</key>
			<string>PBXBuildFile</string>
		</dict>
		<key>DDD3D4B31810D6DA00E378A2</key>
		<dict>
			<key>buildSettings</key>
			<dict>
				<key>ALWAYS_SEARCH_USER_PATHS</key>
				<string>NO</string>
				<key>ARCHS</key>
				<string>$(ARCHS_STANDARD_INCLUDING_64_BIT)</string>
				<key>CLANG_CXX_LANGUAGE_STANDARD</key>
				<string>gnu++0x</string>
				<key>CLANG_CXX_LIBRARY</key>
				<string>libc++</string>
				<key>CLANG_ENABLE_MODULES</key>
				<string>YES</string>
				<key>CLANG_ENABLE_OBJC_ARC</key>
				<string>YES</string>
				<key>CLANG_WARN_BOOL_CONVERSION</key>
				<string>YES</string>
				<key>CLANG_WARN_CONSTANT_CONVERSION</key>
				<string>YES</string>
				<key>CLANG_WARN_DIRECT_OBJC_ISA_USAGE</key>
				<string>YES_ERROR</string>
				<key>CLANG_WARN_EMPTY_BODY</key>
				<string>YES</string>
				<key>CLANG_WARN_ENUM_CONVERSION</key>
				<string>YES</string>
				<key>CLANG_WARN_INT_CONVERSION</key>
				<string>YES</string>
				<key>CLANG_WARN_OBJC_ROOT_CLASS</key>
				<string>YES_ERROR</string>
				<key>CLANG_WARN__DUPLICATE_METHOD_MATCH</key>
				<string>YES</string>
				<key>CODE_SIGN_IDENTITY[sdk=iphoneos*]</key>
				<string>iPhone Developer</string>
				<key>COPY_PHASE_STRIP</key>
				<string>NO</string>
				<key>GCC_C_LANGUAGE_STANDARD</key>
				<string>gnu99</string>
				<key>GCC_DYNAMIC_NO_PIC</key>
				<string>NO</string>
				<key>GCC_OPTIMIZATION_LEVEL</key>
				<string>0</string>
				<key>GCC_PREPROCESSOR_DEFINITIONS</key>
				<array>
					<string>DEBUG=1</string>
					<string>$(inherited)</string>
				</array>
				<key>GCC_SYMBOLS_PRIVATE_EXTERN</key>
				<string>NO</string>
				<key>GCC_WARN_64_TO_32_BIT_CONVERSION</key>
				<string>YES</string>
				<key>GCC_WARN_ABOUT_RETURN_TYPE</key>
				<string>YES_ERROR</string>
				<key>GCC_WARN_UNDECLARED_SELECTOR</key>
				<string>YES</string>
				<key>GCC_WARN_UNINITIALIZED_AUTOS</key>
				<string>YES</string>
				<key>GCC_WARN_UNUSED_FUNCTION</key>
				<string>YES</string>
				<key>GCC_WARN_UNUSED_VARIABLE</key>
				<string>YES</string>
				<key>IPHONEOS_DEPLOYMENT_TARGET</key>
				<string>7.0</string>
				<key>ONLY_ACTIVE_ARCH</key>
				<string>YES</string>
				<key>SDKROOT</key>
				<string>iphoneos</string>
				<key>TARGETED_DEVICE_FAMILY</key>
				<string>1,2</string>
			</dict>
			<key>isa</key>
			<string>XCBuildConfiguration</string>
			<key>name</key>
			<string>Debug</string>
		</dict>
		<key>DDD3D4B41810D6DA00E378A2</key>
		<dict>
			<key>buildSettings</key>
			<dict>
				<key>ALWAYS_SEARCH_USER_PATHS</key>
				<string>NO</string>
				<key>ARCHS</key>
				<string>$(ARCHS_STANDARD_INCLUDING_64_BIT)</string>
				<key>CLANG_CXX_LANGUAGE_STANDARD</key>
				<string>gnu++0x</string>
				<key>CLANG_CXX_LIBRARY</key>
				<string>libc++</string>
				<key>CLANG_ENABLE_MODULES</key>
				<string>YES</string>
				<key>CLANG_ENABLE_OBJC_ARC</key>
				<string>YES</string>
				<key>CLANG_WARN_BOOL_CONVERSION</key>
				<string>YES</string>
				<key>CLANG_WARN_CONSTANT_CONVERSION</key>
				<string>YES</string>
				<key>CLANG_WARN_DIRECT_OBJC_ISA_USAGE</key>
				<string>YES_ERROR</string>
				<key>CLANG_WARN_EMPTY_BODY</key>
				<string>YES</string>
				<key>CLANG_WARN_ENUM_CONVERSION</key>
				<string>YES</string>
				<key>CLANG_WARN_INT_CONVERSION</key>
				<string>YES</string>
				<key>CLANG_WARN_OBJC_ROOT_CLASS</key>
				<string>YES_ERROR</string>
				<key>CLANG_WARN__DUPLICATE_METHOD_MATCH</key>
				<string>YES</string>
				<key>CODE_SIGN_IDENTITY[sdk=iphoneos*]</key>
				<string>iPhone Developer</string>
				<key>COPY_PHASE_STRIP</key>
				<string>YES</string>
				<key>ENABLE_NS_ASSERTIONS</key>
				<string>NO</string>
				<key>GCC_C_LANGUAGE_STANDARD</key>
				<string>gnu99</string>
				<key>GCC_WARN_64_TO_32_BIT_CONVERSION</key>
				<string>YES</string>
				<key>GCC_WARN_ABOUT_RETURN_TYPE</key>
				<string>YES_ERROR</string>
				<key>GCC_WARN_UNDECLARED_SELECTOR</key>
				<string>YES</string>
				<key>GCC_WARN_UNINITIALIZED_AUTOS</key>
				<string>YES</string>
				<key>GCC_WARN_UNUSED_FUNCTION</key>
				<string>YES</string>
				<key>GCC_WARN_UNUSED_VARIABLE</key>
				<string>YES</string>
				<key>IPHONEOS_DEPLOYMENT_TARGET</key>
				<string>7.0</string>
				<key>SDKROOT</key>
				<string>iphoneos</string>
				<key>TARGETED_DEVICE_FAMILY</key>
				<string>1,2</string>
				<key>VALIDATE_PRODUCT</key>
				<string>YES</string>
			</dict>
			<key>isa</key>
			<string>XCBuildConfiguration</string>
			<key>name</key>
			<string>Release</string>
		</dict>
		<key>DDD3D4B51810D6DA00E378A2</key>
		<dict>
			<key>buildConfigurations</key>
			<array>
				<string>DDD3D4B61810D6DA00E378A2</string>
				<string>DDD3D4B71810D6DA00E378A2</string>
			</array>
			<key>defaultConfigurationIsVisible</key>
			<string>0</string>
			<key>defaultConfigurationName</key>
			<string>Release</string>
			<key>isa</key>
			<string>XCConfigurationList</string>
		</dict>
		<key>DDD3D4B61810D6DA00E378A2</key>
		<dict>
			<key>baseConfigurationReference</key>
			<string>364CF1452999714F513620B5</string>
			<key>buildSettings</key>
			<dict>
				<key>ASSETCATALOG_COMPILER_APPICON_NAME</key>
				<string>AppIcon</string>
				<key>ASSETCATALOG_COMPILER_LAUNCHIMAGE_NAME</key>
				<string>LaunchImage</string>
				<key>GCC_GENERATE_TEST_COVERAGE_FILES</key>
				<string>YES</string>
				<key>GCC_INSTRUMENT_PROGRAM_FLOW_ARCS</key>
				<string>YES</string>
				<key>GCC_PRECOMPILE_PREFIX_HEADER</key>
				<string>YES</string>
				<key>GCC_PREFIX_HEADER</key>
				<string>ClassyTestsLoader/Classy-Prefix.pch</string>
				<key>INFOPLIST_FILE</key>
				<string>ClassyTestsLoader/ClassyTestsLoader-Info.plist</string>
				<key>IPHONEOS_DEPLOYMENT_TARGET</key>
				<string>6.0</string>
				<key>PRODUCT_NAME</key>
				<string>$(TARGET_NAME)</string>
				<key>WRAPPER_EXTENSION</key>
				<string>app</string>
			</dict>
			<key>isa</key>
			<string>XCBuildConfiguration</string>
			<key>name</key>
			<string>Debug</string>
		</dict>
		<key>DDD3D4B71810D6DA00E378A2</key>
		<dict>
			<key>baseConfigurationReference</key>
			<string>A9A564DBE8DE1C40D493E3B6</string>
			<key>buildSettings</key>
			<dict>
				<key>ASSETCATALOG_COMPILER_APPICON_NAME</key>
				<string>AppIcon</string>
				<key>ASSETCATALOG_COMPILER_LAUNCHIMAGE_NAME</key>
				<string>LaunchImage</string>
				<key>GCC_GENERATE_TEST_COVERAGE_FILES</key>
				<string>YES</string>
				<key>GCC_INSTRUMENT_PROGRAM_FLOW_ARCS</key>
				<string>YES</string>
				<key>GCC_PRECOMPILE_PREFIX_HEADER</key>
				<string>YES</string>
				<key>GCC_PREFIX_HEADER</key>
				<string>ClassyTestsLoader/Classy-Prefix.pch</string>
				<key>INFOPLIST_FILE</key>
				<string>ClassyTestsLoader/ClassyTestsLoader-Info.plist</string>
				<key>IPHONEOS_DEPLOYMENT_TARGET</key>
				<string>6.0</string>
				<key>PRODUCT_NAME</key>
				<string>$(TARGET_NAME)</string>
				<key>WRAPPER_EXTENSION</key>
				<string>app</string>
			</dict>
			<key>isa</key>
			<string>XCBuildConfiguration</string>
			<key>name</key>
			<string>Release</string>
		</dict>
		<key>DDD3D4BB1810D8B100E378A2</key>
		<dict>
			<key>children</key>
			<array>
				<string>DD84B3DE183ACB0A0009ACAA</string>
				<string>DD84B3DF183ACB0A0009ACAA</string>
				<string>DD175F8B1820C81900139EBE</string>
				<string>DD175F8C1820C81900139EBE</string>
				<string>DD175F8D1820C81900139EBE</string>
				<string>DD175F8E1820C81900139EBE</string>
				<string>DDD3D4FF1810DF7C00E378A2</string>
				<string>DDD3D4BC1810D8B100E378A2</string>
				<string>DDD3D4BD1810D8B100E378A2</string>
				<string>DDD3D4BE1810D8B100E378A2</string>
				<string>DD43DA8A1810F5D40058FBC1</string>
			</array>
			<key>isa</key>
			<string>PBXGroup</string>
			<key>name</key>
			<string>ClassyTestsLoader</string>
			<key>path</key>
			<string>../ClassyTestsLoader</string>
			<key>sourceTree</key>
			<string>&lt;group&gt;</string>
		</dict>
		<key>DDD3D4BC1810D8B100E378A2</key>
		<dict>
			<key>fileEncoding</key>
			<string>4</string>
			<key>isa</key>
			<string>PBXFileReference</string>
			<key>lastKnownFileType</key>
			<string>text.plist.xml</string>
			<key>path</key>
			<string>ClassyTestsLoader-Info.plist</string>
			<key>sourceTree</key>
			<string>&lt;group&gt;</string>
		</dict>
		<key>DDD3D4BD1810D8B100E378A2</key>
		<dict>
			<key>isa</key>
			<string>PBXFileReference</string>
			<key>lastKnownFileType</key>
			<string>folder.assetcatalog</string>
			<key>path</key>
			<string>Images.xcassets</string>
			<key>sourceTree</key>
			<string>&lt;group&gt;</string>
		</dict>
		<key>DDD3D4BE1810D8B100E378A2</key>
		<dict>
			<key>fileEncoding</key>
			<string>4</string>
			<key>isa</key>
			<string>PBXFileReference</string>
			<key>lastKnownFileType</key>
			<string>sourcecode.c.objc</string>
			<key>path</key>
			<string>main.m</string>
			<key>sourceTree</key>
			<string>&lt;group&gt;</string>
		</dict>
		<key>DDD3D4C01810D8B100E378A2</key>
		<dict>
			<key>fileRef</key>
			<string>DDD3D4BD1810D8B100E378A2</string>
			<key>isa</key>
			<string>PBXBuildFile</string>
		</dict>
		<key>DDD3D4C11810D8B100E378A2</key>
		<dict>
			<key>fileRef</key>
			<string>DDD3D4BE1810D8B100E378A2</string>
			<key>isa</key>
			<string>PBXBuildFile</string>
		</dict>
		<key>DDD3D4C71810D9A400E378A2</key>
		<dict>
			<key>isa</key>
			<string>PBXFileReference</string>
			<key>lastKnownFileType</key>
			<string>wrapper.framework</string>
			<key>name</key>
			<string>SenTestingKit.framework</string>
			<key>path</key>
			<string>Library/Frameworks/SenTestingKit.framework</string>
			<key>sourceTree</key>
			<string>DEVELOPER_DIR</string>
		</dict>
		<key>DDD3D4FF1810DF7C00E378A2</key>
		<dict>
			<key>isa</key>
			<string>PBXFileReference</string>
			<key>lastKnownFileType</key>
			<string>image.png</string>
			<key>path</key>
			<string>test_image_5.png</string>
			<key>sourceTree</key>
			<string>&lt;group&gt;</string>
		</dict>
		<key>DDD3D5001810DF7C00E378A2</key>
		<dict>
			<key>fileRef</key>
			<string>DDD3D4FF1810DF7C00E378A2</string>
			<key>isa</key>
			<string>PBXBuildFile</string>
		</dict>
		<key>DDD3D5011810E02F00E378A2</key>
		<dict>
			<key>isa</key>
			<string>PBXFileReference</string>
			<key>lastKnownFileType</key>
			<string>wrapper.framework</string>
			<key>name</key>
			<string>QuartzCore.framework</string>
			<key>path</key>
			<string>System/Library/Frameworks/QuartzCore.framework</string>
			<key>sourceTree</key>
			<string>SDKROOT</string>
		</dict>
		<key>DDE7E51D18915B0600BA5718</key>
		<dict>
			<key>fileEncoding</key>
			<string>4</string>
			<key>isa</key>
			<string>PBXFileReference</string>
			<key>lastKnownFileType</key>
			<string>text</string>
			<key>path</key>
			<string>Precedence-1.cas</string>
			<key>sourceTree</key>
			<string>&lt;group&gt;</string>
		</dict>
		<key>DDE7E51E18915B0600BA5718</key>
		<dict>
			<key>fileEncoding</key>
			<string>4</string>
			<key>isa</key>
			<string>PBXFileReference</string>
			<key>lastKnownFileType</key>
			<string>text</string>
			<key>path</key>
			<string>Precedence-2.cas</string>
			<key>sourceTree</key>
			<string>&lt;group&gt;</string>
		</dict>
		<key>DDE7E51F18915B0600BA5718</key>
		<dict>
			<key>fileRef</key>
			<string>DDE7E51D18915B0600BA5718</string>
			<key>isa</key>
			<string>PBXBuildFile</string>
		</dict>
		<key>DDE7E52018915B0600BA5718</key>
		<dict>
			<key>fileRef</key>
			<string>DDE7E51E18915B0600BA5718</string>
			<key>isa</key>
			<string>PBXBuildFile</string>
		</dict>
		<key>F1E932BEE390022666720493</key>
		<dict>
			<key>includeInIndex</key>
			<string>1</string>
			<key>isa</key>
			<string>PBXFileReference</string>
			<key>lastKnownFileType</key>
			<string>text.xcconfig</string>
			<key>name</key>
			<string>Pods-ClassyTests.release.xcconfig</string>
			<key>path</key>
			<string>../Pods/Target Support Files/Pods-ClassyTests/Pods-ClassyTests.release.xcconfig</string>
			<key>sourceTree</key>
			<string>&lt;group&gt;</string>
		</dict>
	</dict>
	<key>rootObject</key>
	<string>DDD3D4811810D6DA00E378A2</string>
</dict>
</plist>
